
Microsoft Visual Studio Solution File, Format Version 11.00
# Visual Studio 2010
Project("{E24C65DC-7377-472B-9ABA-BC803B73C61A}") = "LendingTreeWebSite1", "LendingTreeWebSite1\", "{DCBA6D27-77C6-40CE-8256-ECDEA35A428B}"
	ProjectSection(WebsiteProperties) = preProject
		TargetFrameworkMoniker = ".NETFramework,Version%3Dv4.0"
		Debug.AspNetCompiler.VirtualPath = "/LendingTreeWebSite1"
		Debug.AspNetCompiler.PhysicalPath = "LendingTreeWebSite1\"
		Debug.AspNetCompiler.TargetPath = "PrecompiledWeb\LendingTreeWebSite1\"
		Debug.AspNetCompiler.Updateable = "true"
		Debug.AspNetCompiler.ForceOverwrite = "true"
		Debug.AspNetCompiler.FixedNames = "false"
		Debug.AspNetCompiler.Debug = "True"
		Release.AspNetCompiler.VirtualPath = "/LendingTreeWebSite1"
		Release.AspNetCompiler.PhysicalPath = "LendingTreeWebSite1\"
		Release.AspNetCompiler.TargetPath = "PrecompiledWeb\LendingTreeWebSite1\"
		Release.AspNetCompiler.Updateable = "true"
		Release.AspNetCompiler.ForceOverwrite = "true"
		Release.AspNetCompiler.FixedNames = "false"
		Release.AspNetCompiler.Debug = "False"
		VWDPort = "62237"
	EndProjectSection
EndProject
Project("{FAE04EC0-301F-11D3-BF4B-00C04F79EFBC}") = "LendingTreeLib", "LendingTreeLib\LendingTreeLib\LendingTreeLib.csproj", "{4812F102-DB37-495F-A7E1-038AC7EAC884}"
EndProject
Global
	GlobalSection(SolutionConfigurationPlatforms) = preSolution
		Debug|Any CPU = Debug|Any CPU
		Release|Any CPU = Release|Any CPU
	EndGlobalSection
	GlobalSection(ProjectConfigurationPlatforms) = postSolution
		{DCBA6D27-77C6-40CE-8256-ECDEA35A428B}.Debug|Any CPU.ActiveCfg = Debug|Any CPU
		{DCBA6D27-77C6-40CE-8256-ECDEA35A428B}.Debug|Any CPU.Build.0 = Debug|Any CPU
		{DCBA6D27-77C6-40CE-8256-ECDEA35A428B}.Release|Any CPU.ActiveCfg = Debug|Any CPU
		{DCBA6D27-77C6-40CE-8256-ECDEA35A428B}.Release|Any CPU.Build.0 = Debug|Any CPU
		{4812F102-DB37-495F-A7E1-038AC7EAC884}.Debug|Any CPU.ActiveCfg = Debug|Any CPU
		{4812F102-DB37-495F-A7E1-038AC7EAC884}.Debug|Any CPU.Build.0 = Debug|Any CPU
		{4812F102-DB37-495F-A7E1-038AC7EAC884}.Release|Any CPU.ActiveCfg = Release|Any CPU
		{4812F102-DB37-495F-A7E1-038AC7EAC884}.Release|Any CPU.Build.0 = Release|Any CPU
	EndGlobalSection
	GlobalSection(SolutionProperties) = preSolution
		HideSolutionNode = FALSE
	EndGlobalSection
EndGlobal
